
Microsoft Visual Studio Solution File, Format Version 12.00
# Visual Studio 15
VisualStudioVersion = 15.0.27004.2006
MinimumVisualStudioVersion = 10.0.40219.1
Project("{FAE04EC0-301F-11D3-BF4B-00C04F79EFBC}") = "Ex6_1", "Ex6_1\Ex6_1.csproj", "{B9B5385C-2B30-4768-9DD8-E5B1D795CA9A}"
EndProject
Global
	GlobalSection(SolutionConfigurationPlatforms) = preSolution
		Debug|Any CPU = Debug|Any CPU
		Release|Any CPU = Release|Any CPU
	EndGlobalSection
	GlobalSection(ProjectConfigurationPlatforms) = postSolution
		{B9B5385C-2B30-4768-9DD8-E5B1D795CA9A}.Debug|Any CPU.ActiveCfg = Debug|Any CPU
		{B9B5385C-2B30-4768-9DD8-E5B1D795CA9A}.Debug|Any CPU.Build.0 = Debug|Any CPU
		{B9B5385C-2B30-4768-9DD8-E5B1D795CA9A}.Release|Any CPU.ActiveCfg = Release|Any CPU
		{B9B5385C-2B30-4768-9DD8-E5B1D795CA9A}.Release|Any CPU.Build.0 = Release|Any CPU
	EndGlobalSection
	GlobalSection(SolutionProperties) = preSolution
		HideSolutionNode = FALSE
	EndGlobalSection
	GlobalSection(ExtensibilityGlobals) = postSolution
		SolutionGuid = {035E1778-C8D1-454B-8C55-8DEF3145306A}
	EndGlobalSection
EndGlobal
