
Microsoft Visual Studio Solution File, Format Version 12.00
# Visual Studio 15
VisualStudioVersion = 15.0.27004.2006
MinimumVisualStudioVersion = 10.0.40219.1
Project("{FAE04EC0-301F-11D3-BF4B-00C04F79EFBC}") = "ProgTest2", "ProgTest2\ProgTest2.csproj", "{F69B1EF1-0E91-485F-BCC4-21900379D1FE}"
EndProject
Global
	GlobalSection(SolutionConfigurationPlatforms) = preSolution
		Debug|Any CPU = Debug|Any CPU
		Release|Any CPU = Release|Any CPU
	EndGlobalSection
	GlobalSection(ProjectConfigurationPlatforms) = postSolution
		{F69B1EF1-0E91-485F-BCC4-21900379D1FE}.Debug|Any CPU.ActiveCfg = Debug|Any CPU
		{F69B1EF1-0E91-485F-BCC4-21900379D1FE}.Debug|Any CPU.Build.0 = Debug|Any CPU
		{F69B1EF1-0E91-485F-BCC4-21900379D1FE}.Release|Any CPU.ActiveCfg = Release|Any CPU
		{F69B1EF1-0E91-485F-BCC4-21900379D1FE}.Release|Any CPU.Build.0 = Release|Any CPU
	EndGlobalSection
	GlobalSection(SolutionProperties) = preSolution
		HideSolutionNode = FALSE
	EndGlobalSection
	GlobalSection(ExtensibilityGlobals) = postSolution
		SolutionGuid = {BA712545-CB97-4414-B764-A8061B4B493A}
	EndGlobalSection
EndGlobal
